
Microsoft Visual Studio Solution File, Format Version 12.00
# Visual Studio Version 17
VisualStudioVersion = 17.5.33424.131
MinimumVisualStudioVersion = 10.0.40219.1
Project("{8BC9CEB8-8B4A-11D0-8D11-00A0C91BC942}") = "C coursework", "C coursework.vcxproj", "{568778EE-22E7-425E-A8F8-6FD0EFBDEF77}"
EndProject
Global
	GlobalSection(SolutionConfigurationPlatforms) = preSolution
		Debug|x64 = Debug|x64
		Debug|x86 = Debug|x86
		Release|x64 = Release|x64
		Release|x86 = Release|x86
	EndGlobalSection
	GlobalSection(ProjectConfigurationPlatforms) = postSolution
		{568778EE-22E7-425E-A8F8-6FD0EFBDEF77}.Debug|x64.ActiveCfg = Debug|x64
		{568778EE-22E7-425E-A8F8-6FD0EFBDEF77}.Debug|x64.Build.0 = Debug|x64
		{568778EE-22E7-425E-A8F8-6FD0EFBDEF77}.Debug|x86.ActiveCfg = Debug|Win32
		{568778EE-22E7-425E-A8F8-6FD0EFBDEF77}.Debug|x86.Build.0 = Debug|Win32
		{568778EE-22E7-425E-A8F8-6FD0EFBDEF77}.Release|x64.ActiveCfg = Release|x64
		{568778EE-22E7-425E-A8F8-6FD0EFBDEF77}.Release|x64.Build.0 = Release|x64
		{568778EE-22E7-425E-A8F8-6FD0EFBDEF77}.Release|x86.ActiveCfg = Release|Win32
		{568778EE-22E7-425E-A8F8-6FD0EFBDEF77}.Release|x86.Build.0 = Release|Win32
	EndGlobalSection
	GlobalSection(SolutionProperties) = preSolution
		HideSolutionNode = FALSE
	EndGlobalSection
	GlobalSection(ExtensibilityGlobals) = postSolution
		SolutionGuid = {A330CB4F-CE45-429C-B5FC-170A54918F33}
	EndGlobalSection
EndGlobal
